
Microsoft Visual Studio Solution File, Format Version 12.00
# Visual Studio Version 16
VisualStudioVersion = 16.0.30907.101
MinimumVisualStudioVersion = 10.0.40219.1
Project("{9A19103F-16F7-4668-BE54-9A1E7A4F7556}") = "ManagerBot", "ManagerBot\ManagerBot.csproj", "{6DCCA06F-4416-4D25-B42E-0E02822F18A1}"
EndProject
Project("{9A19103F-16F7-4668-BE54-9A1E7A4F7556}") = "ManagerBot.DAL", "ManagerBot.DAL\ManagerBot.DAL.csproj", "{90CB760F-A3E1-47B7-890F-B5BBF31AF366}"
EndProject
Project("{FAE04EC0-301F-11D3-BF4B-00C04F79EFBC}") = "ManagerBot.DI", "ManagerBot.DI\ManagerBot.DI.csproj", "{D665611E-CF01-4F32-B42F-E99ECB949DEF}"
EndProject
Global
	GlobalSection(SolutionConfigurationPlatforms) = preSolution
		Debug|Any CPU = Debug|Any CPU
		Release|Any CPU = Release|Any CPU
	EndGlobalSection
	GlobalSection(ProjectConfigurationPlatforms) = postSolution
		{6DCCA06F-4416-4D25-B42E-0E02822F18A1}.Debug|Any CPU.ActiveCfg = Debug|Any CPU
		{6DCCA06F-4416-4D25-B42E-0E02822F18A1}.Debug|Any CPU.Build.0 = Debug|Any CPU
		{6DCCA06F-4416-4D25-B42E-0E02822F18A1}.Release|Any CPU.ActiveCfg = Release|Any CPU
		{6DCCA06F-4416-4D25-B42E-0E02822F18A1}.Release|Any CPU.Build.0 = Release|Any CPU
		{90CB760F-A3E1-47B7-890F-B5BBF31AF366}.Debug|Any CPU.ActiveCfg = Debug|Any CPU
		{90CB760F-A3E1-47B7-890F-B5BBF31AF366}.Debug|Any CPU.Build.0 = Debug|Any CPU
		{90CB760F-A3E1-47B7-890F-B5BBF31AF366}.Release|Any CPU.ActiveCfg = Release|Any CPU
		{90CB760F-A3E1-47B7-890F-B5BBF31AF366}.Release|Any CPU.Build.0 = Release|Any CPU
		{D665611E-CF01-4F32-B42F-E99ECB949DEF}.Debug|Any CPU.ActiveCfg = Debug|Any CPU
		{D665611E-CF01-4F32-B42F-E99ECB949DEF}.Debug|Any CPU.Build.0 = Debug|Any CPU
		{D665611E-CF01-4F32-B42F-E99ECB949DEF}.Release|Any CPU.ActiveCfg = Release|Any CPU
		{D665611E-CF01-4F32-B42F-E99ECB949DEF}.Release|Any CPU.Build.0 = Release|Any CPU
	EndGlobalSection
	GlobalSection(SolutionProperties) = preSolution
		HideSolutionNode = FALSE
	EndGlobalSection
	GlobalSection(ExtensibilityGlobals) = postSolution
		SolutionGuid = {6707C586-E511-4AF7-806F-5730BAFBE140}
	EndGlobalSection
EndGlobal
